
Microsoft Visual Studio Solution File, Format Version 12.00
# Visual Studio Version 17
VisualStudioVersion = 17.14.36301.6
MinimumVisualStudioVersion = 10.0.40219.1
Project("{FAE04EC0-301F-11D3-BF4B-00C04F79EFBC}") = "ExpensesTracker", "ExpensesTracker\ExpensesTracker.csproj", "{F70DEA41-8D11-4F84-9236-C191EED21458}"
EndProject
Project("{FAE04EC0-301F-11D3-BF4B-00C04F79EFBC}") = "ExpensesTracker.Client", "ExpensesTracker.Client\ExpensesTracker.Client.csproj", "{095C8580-8D6E-4F0F-BADF-F9DF19AB5B5D}"
EndProject
Project("{FAE04EC0-301F-11D3-BF4B-00C04F79EFBC}") = "ExpensesTracker.Common", "ExpensesTracker.Common\ExpensesTracker.Common.csproj", "{7ED09715-5A05-410B-A05A-78605F8B5FCD}"
EndProject
Project("{FAE04EC0-301F-11D3-BF4B-00C04F79EFBC}") = "ExpensesTracker.DataContext", "ExpensesTracker.DataContext\ExpensesTracker.DataContext.csproj", "{FD557CBF-4131-42D6-B0D6-D66ADD96D281}"
EndProject
Global
	GlobalSection(SolutionConfigurationPlatforms) = preSolution
		Debug|Any CPU = Debug|Any CPU
		Release|Any CPU = Release|Any CPU
	EndGlobalSection
	GlobalSection(ProjectConfigurationPlatforms) = postSolution
		{F70DEA41-8D11-4F84-9236-C191EED21458}.Debug|Any CPU.ActiveCfg = Debug|Any CPU
		{F70DEA41-8D11-4F84-9236-C191EED21458}.Debug|Any CPU.Build.0 = Debug|Any CPU
		{F70DEA41-8D11-4F84-9236-C191EED21458}.Release|Any CPU.ActiveCfg = Release|Any CPU
		{F70DEA41-8D11-4F84-9236-C191EED21458}.Release|Any CPU.Build.0 = Release|Any CPU
		{095C8580-8D6E-4F0F-BADF-F9DF19AB5B5D}.Debug|Any CPU.ActiveCfg = Debug|Any CPU
		{095C8580-8D6E-4F0F-BADF-F9DF19AB5B5D}.Debug|Any CPU.Build.0 = Debug|Any CPU
		{095C8580-8D6E-4F0F-BADF-F9DF19AB5B5D}.Release|Any CPU.ActiveCfg = Release|Any CPU
		{095C8580-8D6E-4F0F-BADF-F9DF19AB5B5D}.Release|Any CPU.Build.0 = Release|Any CPU
		{7ED09715-5A05-410B-A05A-78605F8B5FCD}.Debug|Any CPU.ActiveCfg = Debug|Any CPU
		{7ED09715-5A05-410B-A05A-78605F8B5FCD}.Debug|Any CPU.Build.0 = Debug|Any CPU
		{7ED09715-5A05-410B-A05A-78605F8B5FCD}.Release|Any CPU.ActiveCfg = Release|Any CPU
		{7ED09715-5A05-410B-A05A-78605F8B5FCD}.Release|Any CPU.Build.0 = Release|Any CPU
		{FD557CBF-4131-42D6-B0D6-D66ADD96D281}.Debug|Any CPU.ActiveCfg = Debug|Any CPU
		{FD557CBF-4131-42D6-B0D6-D66ADD96D281}.Debug|Any CPU.Build.0 = Debug|Any CPU
		{FD557CBF-4131-42D6-B0D6-D66ADD96D281}.Release|Any CPU.ActiveCfg = Release|Any CPU
		{FD557CBF-4131-42D6-B0D6-D66ADD96D281}.Release|Any CPU.Build.0 = Release|Any CPU
	EndGlobalSection
	GlobalSection(SolutionProperties) = preSolution
		HideSolutionNode = FALSE
	EndGlobalSection
	GlobalSection(ExtensibilityGlobals) = postSolution
		SolutionGuid = {7E7DAAAE-5D66-4E4E-A3FE-E3DF49DEE3C0}
	EndGlobalSection
EndGlobal
