
Microsoft Visual Studio Solution File, Format Version 12.00
# Visual Studio Version 17
VisualStudioVersion = 17.14.36301.6
MinimumVisualStudioVersion = 10.0.40219.1
Project("{FAE04EC0-301F-11D3-BF4B-00C04F79EFBC}") = "ExpensesTracker", "ExpensesTracker\ExpensesTracker.csproj", "{F70DEA41-8D11-4F84-9236-C191EED21458}"
EndProject
Project("{FAE04EC0-301F-11D3-BF4B-00C04F79EFBC}") = "ExpensesTracker.Client", "ExpensesTracker.Client\ExpensesTracker.Client.csproj", "{095C8580-8D6E-4F0F-BADF-F9DF19AB5B5D}"
EndProject
Project("{FAE04EC0-301F-11D3-BF4B-00C04F79EFBC}") = "ExpensesTracker.DataContext", "ExpensesTracker.DataContext\ExpensesTracker.DataContext.csproj", "{FD557CBF-4131-42D6-B0D6-D66ADD96D281}"
EndProject
Project("{FAE04EC0-301F-11D3-BF4B-00C04F79EFBC}") = "ExpensesTracker.Entities", "ExpensesTracker.Entities\ExpensesTracker.Entities.csproj", "{51A1C0A5-5484-084E-9C65-DD7B2AACA944}"
EndProject
Project("{FAE04EC0-301F-11D3-BF4B-00C04F79EFBC}") = "ExpensesTracker.Common", "ExpensesTracker.Common\ExpensesTracker.Common.csproj", "{50B87D31-8927-411B-ABD4-9D5CC7AAA9F0}"
EndProject
Global
	GlobalSection(SolutionConfigurationPlatforms) = preSolution
		Debug|Any CPU = Debug|Any CPU
		Release|Any CPU = Release|Any CPU
	EndGlobalSection
	GlobalSection(ProjectConfigurationPlatforms) = postSolution
		{F70DEA41-8D11-4F84-9236-C191EED21458}.Debug|Any CPU.ActiveCfg = Debug|Any CPU
		{F70DEA41-8D11-4F84-9236-C191EED21458}.Debug|Any CPU.Build.0 = Debug|Any CPU
		{F70DEA41-8D11-4F84-9236-C191EED21458}.Release|Any CPU.ActiveCfg = Release|Any CPU
		{F70DEA41-8D11-4F84-9236-C191EED21458}.Release|Any CPU.Build.0 = Release|Any CPU
		{095C8580-8D6E-4F0F-BADF-F9DF19AB5B5D}.Debug|Any CPU.ActiveCfg = Debug|Any CPU
		{095C8580-8D6E-4F0F-BADF-F9DF19AB5B5D}.Debug|Any CPU.Build.0 = Debug|Any CPU
		{095C8580-8D6E-4F0F-BADF-F9DF19AB5B5D}.Release|Any CPU.ActiveCfg = Release|Any CPU
		{095C8580-8D6E-4F0F-BADF-F9DF19AB5B5D}.Release|Any CPU.Build.0 = Release|Any CPU
		{FD557CBF-4131-42D6-B0D6-D66ADD96D281}.Debug|Any CPU.ActiveCfg = Debug|Any CPU
		{FD557CBF-4131-42D6-B0D6-D66ADD96D281}.Debug|Any CPU.Build.0 = Debug|Any CPU
		{FD557CBF-4131-42D6-B0D6-D66ADD96D281}.Release|Any CPU.ActiveCfg = Release|Any CPU
		{FD557CBF-4131-42D6-B0D6-D66ADD96D281}.Release|Any CPU.Build.0 = Release|Any CPU
		{51A1C0A5-5484-084E-9C65-DD7B2AACA944}.Debug|Any CPU.ActiveCfg = Debug|Any CPU
		{51A1C0A5-5484-084E-9C65-DD7B2AACA944}.Debug|Any CPU.Build.0 = Debug|Any CPU
		{51A1C0A5-5484-084E-9C65-DD7B2AACA944}.Release|Any CPU.ActiveCfg = Release|Any CPU
		{51A1C0A5-5484-084E-9C65-DD7B2AACA944}.Release|Any CPU.Build.0 = Release|Any CPU
		{50B87D31-8927-411B-ABD4-9D5CC7AAA9F0}.Debug|Any CPU.ActiveCfg = Debug|Any CPU
		{50B87D31-8927-411B-ABD4-9D5CC7AAA9F0}.Debug|Any CPU.Build.0 = Debug|Any CPU
		{50B87D31-8927-411B-ABD4-9D5CC7AAA9F0}.Release|Any CPU.ActiveCfg = Release|Any CPU
		{50B87D31-8927-411B-ABD4-9D5CC7AAA9F0}.Release|Any CPU.Build.0 = Release|Any CPU
	EndGlobalSection
	GlobalSection(SolutionProperties) = preSolution
		HideSolutionNode = FALSE
	EndGlobalSection
	GlobalSection(ExtensibilityGlobals) = postSolution
		SolutionGuid = {7E7DAAAE-5D66-4E4E-A3FE-E3DF49DEE3C0}
	EndGlobalSection
EndGlobal
